// !$*UTF8*$!
{
	archiveVersion = 1;
	classes = {
	};
	objectVersion = 55;
	objects = {

/* Begin PBXBuildFile section */
		CB01E4582A6EFCCC007A285F /* FavouriteCoordinator.swift in Sources */ = {isa = PBXBuildFile; fileRef = CB01E4572A6EFCCC007A285F /* FavouriteCoordinator.swift */; };
		CB01E45A2A6FC408007A285F /* FavouriteViewController.swift in Sources */ = {isa = PBXBuildFile; fileRef = CB01E4592A6FC408007A285F /* FavouriteViewController.swift */; };
		CB08A492299F7A3200AF49D7 /* PostsTableCell.swift in Sources */ = {isa = PBXBuildFile; fileRef = CB08A491299F7A3200AF49D7 /* PostsTableCell.swift */; };
		CB08A49429A0C6BA00AF49D7 /* UITableView+Extension.swift in Sources */ = {isa = PBXBuildFile; fileRef = CB08A49329A0C6BA00AF49D7 /* UITableView+Extension.swift */; };
		CB08A49629A4B3AA00AF49D7 /* PhotosTableCell.swift in Sources */ = {isa = PBXBuildFile; fileRef = CB08A49529A4B3AA00AF49D7 /* PhotosTableCell.swift */; };
		CB08A49829A4B58C00AF49D7 /* PhotosViewController.swift in Sources */ = {isa = PBXBuildFile; fileRef = CB08A49729A4B58C00AF49D7 /* PhotosViewController.swift */; };
		CB08A49A29A4FAAF00AF49D7 /* Photo.swift in Sources */ = {isa = PBXBuildFile; fileRef = CB08A49929A4FAAF00AF49D7 /* Photo.swift */; };
		CB08A49E29A67E6F00AF49D7 /* PhotosCollectionCell.swift in Sources */ = {isa = PBXBuildFile; fileRef = CB08A49D29A67E6F00AF49D7 /* PhotosCollectionCell.swift */; };
		CB134C2C2A60195D00E7DF62 /* Alert.swift in Sources */ = {isa = PBXBuildFile; fileRef = CB134C2B2A60195D00E7DF62 /* Alert.swift */; };
		CB134C2E2A6019BB00E7DF62 /* String+Extension.swift in Sources */ = {isa = PBXBuildFile; fileRef = CB134C2D2A6019BB00E7DF62 /* String+Extension.swift */; };
		CB1EA5BF2A162C3300C0053D /* FeedCoordinator.swift in Sources */ = {isa = PBXBuildFile; fileRef = CB1EA5BE2A162C3300C0053D /* FeedCoordinator.swift */; };
		CB1EA5C12A162C6D00C0053D /* ProfileCoordinator.swift in Sources */ = {isa = PBXBuildFile; fileRef = CB1EA5C02A162C6D00C0053D /* ProfileCoordinator.swift */; };
		CB1F562E2A27A3D9004FE83A /* PasswordCrack.swift in Sources */ = {isa = PBXBuildFile; fileRef = CB1F562D2A27A3D9004FE83A /* PasswordCrack.swift */; };
		CB23E9112975996A0081B615 /* ProfileTableHeaderView.swift in Sources */ = {isa = PBXBuildFile; fileRef = CB23E9102975996A0081B615 /* ProfileTableHeaderView.swift */; };
		CB47082029B0BE8200F416F2 /* ProfileTableHeaderViewDelegate.swift in Sources */ = {isa = PBXBuildFile; fileRef = CB47081F29B0BE8200F416F2 /* ProfileTableHeaderViewDelegate.swift */; };
		CB5075BA2A41D6C4007338D3 /* KeyboardManager.swift in Sources */ = {isa = PBXBuildFile; fileRef = CB5075B92A41D6C4007338D3 /* KeyboardManager.swift */; };
		CB5075BC2A41D90A007338D3 /* CustomTextField.swift in Sources */ = {isa = PBXBuildFile; fileRef = CB5075BB2A41D90A007338D3 /* CustomTextField.swift */; };
		CB5075BE2A41EACB007338D3 /* SignUpViewController.swift in Sources */ = {isa = PBXBuildFile; fileRef = CB5075BD2A41EACB007338D3 /* SignUpViewController.swift */; };
		CB6AF31E2965B6BF008400F2 /* ProfileViewController.swift in Sources */ = {isa = PBXBuildFile; fileRef = CB6AF31D2965B6BF008400F2 /* ProfileViewController.swift */; };
		CB6AF3202965D98C008400F2 /* PostViewController.swift in Sources */ = {isa = PBXBuildFile; fileRef = CB6AF31F2965D98C008400F2 /* PostViewController.swift */; };
		CB6AF349296763C7008400F2 /* InfoViewController.swift in Sources */ = {isa = PBXBuildFile; fileRef = CB6AF348296763C7008400F2 /* InfoViewController.swift */; };
		CB71F61D298E7CA200DA584D /* LoginViewController.swift in Sources */ = {isa = PBXBuildFile; fileRef = CB71F61C298E7CA200DA584D /* LoginViewController.swift */; };
		CB71F6212997883D00DA584D /* CustomButton.swift in Sources */ = {isa = PBXBuildFile; fileRef = CB71F6202997883D00DA584D /* CustomButton.swift */; };
		CB7AF3092959AE5E005C51F3 /* AppDelegate.swift in Sources */ = {isa = PBXBuildFile; fileRef = CB7AF3082959AE5E005C51F3 /* AppDelegate.swift */; };
		CB7AF30B2959AE5E005C51F3 /* SceneDelegate.swift in Sources */ = {isa = PBXBuildFile; fileRef = CB7AF30A2959AE5E005C51F3 /* SceneDelegate.swift */; };
		CB7AF30D2959AE5E005C51F3 /* FeedViewController.swift in Sources */ = {isa = PBXBuildFile; fileRef = CB7AF30C2959AE5E005C51F3 /* FeedViewController.swift */; };
		CB7AF3122959AE5E005C51F3 /* Assets.xcassets in Resources */ = {isa = PBXBuildFile; fileRef = CB7AF3112959AE5E005C51F3 /* Assets.xcassets */; };
		CB8037782A44485A00BD2395 /* CheckerService.swift in Sources */ = {isa = PBXBuildFile; fileRef = CB8037772A44485A00BD2395 /* CheckerService.swift */; };
		CB80377A2A44491400BD2395 /* ShowAlert.swift in Sources */ = {isa = PBXBuildFile; fileRef = CB8037792A44491400BD2395 /* ShowAlert.swift */; };
		CB83B76F2A337AD100D0086D /* JsonData.swift in Sources */ = {isa = PBXBuildFile; fileRef = CB83B76E2A337AD100D0086D /* JsonData.swift */; };
		CB83B7712A337B1A00D0086D /* Planet.swift in Sources */ = {isa = PBXBuildFile; fileRef = CB83B7702A337B1A00D0086D /* Planet.swift */; };
		CB83B7772A37D04800D0086D /* InfoViewController+TableView.swift in Sources */ = {isa = PBXBuildFile; fileRef = CB83B7762A37D04800D0086D /* InfoViewController+TableView.swift */; };
		CB8E2BE92A13AD8600F0E708 /* FeedViewModel.swift in Sources */ = {isa = PBXBuildFile; fileRef = CB8E2BE82A13AD8600F0E708 /* FeedViewModel.swift */; };
		CB8E2BEB2A13B9F700F0E708 /* FeedModel.swift in Sources */ = {isa = PBXBuildFile; fileRef = CB8E2BEA2A13B9F700F0E708 /* FeedModel.swift */; };
		CB94F0F82A700C830048525D /* FirebaseAnalytics in Frameworks */ = {isa = PBXBuildFile; productRef = CB94F0F72A700C830048525D /* FirebaseAnalytics */; settings = {ATTRIBUTES = (Required, ); }; };
		CB94F0FA2A700C830048525D /* FirebaseAnalyticsOnDeviceConversion in Frameworks */ = {isa = PBXBuildFile; productRef = CB94F0F92A700C830048525D /* FirebaseAnalyticsOnDeviceConversion */; settings = {ATTRIBUTES = (Required, ); }; };
		CB94F0FC2A700C830048525D /* FirebaseAnalyticsSwift in Frameworks */ = {isa = PBXBuildFile; productRef = CB94F0FB2A700C830048525D /* FirebaseAnalyticsSwift */; settings = {ATTRIBUTES = (Required, ); }; };
		CB94F0FE2A700C830048525D /* FirebaseAnalyticsWithoutAdIdSupport in Frameworks */ = {isa = PBXBuildFile; productRef = CB94F0FD2A700C830048525D /* FirebaseAnalyticsWithoutAdIdSupport */; settings = {ATTRIBUTES = (Required, ); }; };
		CB94F1002A700C830048525D /* FirebaseAppCheck in Frameworks */ = {isa = PBXBuildFile; productRef = CB94F0FF2A700C830048525D /* FirebaseAppCheck */; settings = {ATTRIBUTES = (Required, ); }; };
		CB94F1022A700C830048525D /* FirebaseAppDistribution-Beta in Frameworks */ = {isa = PBXBuildFile; productRef = CB94F1012A700C830048525D /* FirebaseAppDistribution-Beta */; settings = {ATTRIBUTES = (Required, ); }; };
		CB94F1042A700C830048525D /* FirebaseAuth in Frameworks */ = {isa = PBXBuildFile; productRef = CB94F1032A700C830048525D /* FirebaseAuth */; settings = {ATTRIBUTES = (Required, ); }; };
		CBA56D662A000E5D00947FBF /* UserService.swift in Sources */ = {isa = PBXBuildFile; fileRef = CB0A7C8C29E49A7A002EA335 /* UserService.swift */; };
		CBA858A929E9966800AC37B2 /* NetworkService.swift in Sources */ = {isa = PBXBuildFile; fileRef = CBA858A829E9966800AC37B2 /* NetworkService.swift */; };
		CBA9547A29E30E2F004E45EB /* SnapKit in Frameworks */ = {isa = PBXBuildFile; productRef = CBA9547929E30E2F004E45EB /* SnapKit */; settings = {ATTRIBUTES = (Required, ); }; };
		CBB238372A70037200095E77 /* GoogleService-Info.plist in Resources */ = {isa = PBXBuildFile; fileRef = CBB238362A70037200095E77 /* GoogleService-Info.plist */; };
		CBB4E7432A06C30400D42679 /* CircularLabel.swift in Sources */ = {isa = PBXBuildFile; fileRef = CBB4E7422A06C30400D42679 /* CircularLabel.swift */; };
		CBC6EDA029F95995000D509F /* LoginInspector.swift in Sources */ = {isa = PBXBuildFile; fileRef = CBC6ED9D29F88459000D509F /* LoginInspector.swift */; };
		CBC6EDA229F9D770000D509F /* LoginFactory.swift in Sources */ = {isa = PBXBuildFile; fileRef = CBC6EDA129F9D770000D509F /* LoginFactory.swift */; };
		CBC90FA62A1A79D500545FC3 /* PhotosViewModel.swift in Sources */ = {isa = PBXBuildFile; fileRef = CBC90FA52A1A79D500545FC3 /* PhotosViewModel.swift */; };
		CBCABD012A0CC6C30084FDE3 /* Coordinatable.swift in Sources */ = {isa = PBXBuildFile; fileRef = CBCABD002A0CC6C30084FDE3 /* Coordinatable.swift */; };
		CBCABD032A0CD0A90084FDE3 /* AppCoordinator.swift in Sources */ = {isa = PBXBuildFile; fileRef = CBCABD022A0CD0A90084FDE3 /* AppCoordinator.swift */; };
		CBCABD0B2A0E92650084FDE3 /* ProfileViewController+TableView.swift in Sources */ = {isa = PBXBuildFile; fileRef = CBCABD0A2A0E92650084FDE3 /* ProfileViewController+TableView.swift */; };
		CBCABD0D2A0E97D90084FDE3 /* ProfileViewModel.swift in Sources */ = {isa = PBXBuildFile; fileRef = CBCABD0C2A0E97D90084FDE3 /* ProfileViewModel.swift */; };
		CBF33F4729FBF788009FC759 /* Post.swift in Sources */ = {isa = PBXBuildFile; fileRef = CB6AF3442966E320008400F2 /* Post.swift */; };
		CBF33F4A29FD9CA1009FC759 /* iOSIntPackage in Frameworks */ = {isa = PBXBuildFile; productRef = CBF33F4929FD9CA1009FC759 /* iOSIntPackage */; settings = {ATTRIBUTES = (Required, ); }; };
		CBF621E929A8CE6400119FA8 /* Reusable.swift in Sources */ = {isa = PBXBuildFile; fileRef = CBF621E829A8CE6400119FA8 /* Reusable.swift */; };
		CBFC5E872A72CE3A00D37566 /* YourModelName.xcdatamodeld in Sources */ = {isa = PBXBuildFile; fileRef = CBFC5E852A72CE3A00D37566 /* YourModelName.xcdatamodeld */; };
		CBFC5E8A2A72CFC300D37566 /* CDPostItem+CoreDataClass.swift in Sources */ = {isa = PBXBuildFile; fileRef = CBFC5E882A72CFC300D37566 /* CDPostItem+CoreDataClass.swift */; };
		CBFC5E8B2A72CFC300D37566 /* CDPostItem+CoreDataProperties.swift in Sources */ = {isa = PBXBuildFile; fileRef = CBFC5E892A72CFC300D37566 /* CDPostItem+CoreDataProperties.swift */; };
		CBFC5E8D2A72D12100D37566 /* CoreDataStorageService.swift in Sources */ = {isa = PBXBuildFile; fileRef = CBFC5E8C2A72D12100D37566 /* CoreDataStorageService.swift */; };
/* End PBXBuildFile section */

/* Begin PBXCopyFilesBuildPhase section */
		CB8138F929D84D1A001FDD7D /* Embed Frameworks */ = {
			isa = PBXCopyFilesBuildPhase;
			buildActionMask = 2147483647;
			dstPath = "";
			dstSubfolderSpec = 10;
			files = (
			);
			name = "Embed Frameworks";
			runOnlyForDeploymentPostprocessing = 0;
		};
/* End PBXCopyFilesBuildPhase section */

/* Begin PBXFileReference section */
		CB01E4572A6EFCCC007A285F /* FavouriteCoordinator.swift */ = {isa = PBXFileReference; lastKnownFileType = sourcecode.swift; path = FavouriteCoordinator.swift; sourceTree = "<group>"; };
		CB01E4592A6FC408007A285F /* FavouriteViewController.swift */ = {isa = PBXFileReference; lastKnownFileType = sourcecode.swift; path = FavouriteViewController.swift; sourceTree = "<group>"; };
		CB08A491299F7A3200AF49D7 /* PostsTableCell.swift */ = {isa = PBXFileReference; lastKnownFileType = sourcecode.swift; path = PostsTableCell.swift; sourceTree = "<group>"; };
		CB08A49329A0C6BA00AF49D7 /* UITableView+Extension.swift */ = {isa = PBXFileReference; lastKnownFileType = sourcecode.swift; path = "UITableView+Extension.swift"; sourceTree = "<group>"; };
		CB08A49529A4B3AA00AF49D7 /* PhotosTableCell.swift */ = {isa = PBXFileReference; lastKnownFileType = sourcecode.swift; path = PhotosTableCell.swift; sourceTree = "<group>"; };
		CB08A49729A4B58C00AF49D7 /* PhotosViewController.swift */ = {isa = PBXFileReference; lastKnownFileType = sourcecode.swift; path = PhotosViewController.swift; sourceTree = "<group>"; };
		CB08A49929A4FAAF00AF49D7 /* Photo.swift */ = {isa = PBXFileReference; lastKnownFileType = sourcecode.swift; path = Photo.swift; sourceTree = "<group>"; };
		CB08A49D29A67E6F00AF49D7 /* PhotosCollectionCell.swift */ = {isa = PBXFileReference; lastKnownFileType = sourcecode.swift; path = PhotosCollectionCell.swift; sourceTree = "<group>"; };
		CB0A7C8C29E49A7A002EA335 /* UserService.swift */ = {isa = PBXFileReference; lastKnownFileType = sourcecode.swift; path = UserService.swift; sourceTree = "<group>"; };
		CB134C2B2A60195D00E7DF62 /* Alert.swift */ = {isa = PBXFileReference; lastKnownFileType = sourcecode.swift; path = Alert.swift; sourceTree = "<group>"; };
		CB134C2D2A6019BB00E7DF62 /* String+Extension.swift */ = {isa = PBXFileReference; lastKnownFileType = sourcecode.swift; path = "String+Extension.swift"; sourceTree = "<group>"; };
		CB1EA5BE2A162C3300C0053D /* FeedCoordinator.swift */ = {isa = PBXFileReference; lastKnownFileType = sourcecode.swift; path = FeedCoordinator.swift; sourceTree = "<group>"; };
		CB1EA5C02A162C6D00C0053D /* ProfileCoordinator.swift */ = {isa = PBXFileReference; lastKnownFileType = sourcecode.swift; path = ProfileCoordinator.swift; sourceTree = "<group>"; };
		CB1F562D2A27A3D9004FE83A /* PasswordCrack.swift */ = {isa = PBXFileReference; lastKnownFileType = sourcecode.swift; path = PasswordCrack.swift; sourceTree = "<group>"; };
		CB23E9102975996A0081B615 /* ProfileTableHeaderView.swift */ = {isa = PBXFileReference; lastKnownFileType = sourcecode.swift; path = ProfileTableHeaderView.swift; sourceTree = "<group>"; };
		CB47081F29B0BE8200F416F2 /* ProfileTableHeaderViewDelegate.swift */ = {isa = PBXFileReference; lastKnownFileType = sourcecode.swift; path = ProfileTableHeaderViewDelegate.swift; sourceTree = "<group>"; };
		CB5075B92A41D6C4007338D3 /* KeyboardManager.swift */ = {isa = PBXFileReference; lastKnownFileType = sourcecode.swift; path = KeyboardManager.swift; sourceTree = "<group>"; };
		CB5075BB2A41D90A007338D3 /* CustomTextField.swift */ = {isa = PBXFileReference; lastKnownFileType = sourcecode.swift; path = CustomTextField.swift; sourceTree = "<group>"; };
		CB5075BD2A41EACB007338D3 /* SignUpViewController.swift */ = {isa = PBXFileReference; lastKnownFileType = sourcecode.swift; path = SignUpViewController.swift; sourceTree = "<group>"; };
		CB6AF31D2965B6BF008400F2 /* ProfileViewController.swift */ = {isa = PBXFileReference; lastKnownFileType = sourcecode.swift; path = ProfileViewController.swift; sourceTree = "<group>"; };
		CB6AF31F2965D98C008400F2 /* PostViewController.swift */ = {isa = PBXFileReference; lastKnownFileType = sourcecode.swift; path = PostViewController.swift; sourceTree = "<group>"; };
		CB6AF3442966E320008400F2 /* Post.swift */ = {isa = PBXFileReference; lastKnownFileType = sourcecode.swift; path = Post.swift; sourceTree = "<group>"; };
		CB6AF348296763C7008400F2 /* InfoViewController.swift */ = {isa = PBXFileReference; lastKnownFileType = sourcecode.swift; path = InfoViewController.swift; sourceTree = "<group>"; };
		CB71F61C298E7CA200DA584D /* LoginViewController.swift */ = {isa = PBXFileReference; lastKnownFileType = sourcecode.swift; path = LoginViewController.swift; sourceTree = "<group>"; };
		CB71F6202997883D00DA584D /* CustomButton.swift */ = {isa = PBXFileReference; lastKnownFileType = sourcecode.swift; path = CustomButton.swift; sourceTree = "<group>"; };
		CB7AF3052959AE5E005C51F3 /* Navigation.app */ = {isa = PBXFileReference; explicitFileType = wrapper.application; includeInIndex = 0; path = Navigation.app; sourceTree = BUILT_PRODUCTS_DIR; };
		CB7AF3082959AE5E005C51F3 /* AppDelegate.swift */ = {isa = PBXFileReference; lastKnownFileType = sourcecode.swift; path = AppDelegate.swift; sourceTree = "<group>"; };
		CB7AF30A2959AE5E005C51F3 /* SceneDelegate.swift */ = {isa = PBXFileReference; lastKnownFileType = sourcecode.swift; path = SceneDelegate.swift; sourceTree = "<group>"; };
		CB7AF30C2959AE5E005C51F3 /* FeedViewController.swift */ = {isa = PBXFileReference; lastKnownFileType = sourcecode.swift; path = FeedViewController.swift; sourceTree = "<group>"; };
		CB7AF3112959AE5E005C51F3 /* Assets.xcassets */ = {isa = PBXFileReference; lastKnownFileType = folder.assetcatalog; path = Assets.xcassets; sourceTree = "<group>"; };
		CB7AF3162959AE5E005C51F3 /* Info.plist */ = {isa = PBXFileReference; lastKnownFileType = text.plist.xml; path = Info.plist; sourceTree = "<group>"; };
		CB8037772A44485A00BD2395 /* CheckerService.swift */ = {isa = PBXFileReference; lastKnownFileType = sourcecode.swift; path = CheckerService.swift; sourceTree = "<group>"; };
		CB8037792A44491400BD2395 /* ShowAlert.swift */ = {isa = PBXFileReference; lastKnownFileType = sourcecode.swift; path = ShowAlert.swift; sourceTree = "<group>"; };
		CB83B76E2A337AD100D0086D /* JsonData.swift */ = {isa = PBXFileReference; lastKnownFileType = sourcecode.swift; path = JsonData.swift; sourceTree = "<group>"; };
		CB83B7702A337B1A00D0086D /* Planet.swift */ = {isa = PBXFileReference; lastKnownFileType = sourcecode.swift; path = Planet.swift; sourceTree = "<group>"; };
		CB83B7762A37D04800D0086D /* InfoViewController+TableView.swift */ = {isa = PBXFileReference; lastKnownFileType = sourcecode.swift; path = "InfoViewController+TableView.swift"; sourceTree = "<group>"; };
		CB8E2BE82A13AD8600F0E708 /* FeedViewModel.swift */ = {isa = PBXFileReference; lastKnownFileType = sourcecode.swift; path = FeedViewModel.swift; sourceTree = "<group>"; };
		CB8E2BEA2A13B9F700F0E708 /* FeedModel.swift */ = {isa = PBXFileReference; lastKnownFileType = sourcecode.swift; path = FeedModel.swift; sourceTree = "<group>"; };
		CBA858A829E9966800AC37B2 /* NetworkService.swift */ = {isa = PBXFileReference; lastKnownFileType = sourcecode.swift; path = NetworkService.swift; sourceTree = "<group>"; };
		CBB238362A70037200095E77 /* GoogleService-Info.plist */ = {isa = PBXFileReference; fileEncoding = 4; lastKnownFileType = text.plist.xml; path = "GoogleService-Info.plist"; sourceTree = "<group>"; };
		CBB4E7422A06C30400D42679 /* CircularLabel.swift */ = {isa = PBXFileReference; lastKnownFileType = sourcecode.swift; path = CircularLabel.swift; sourceTree = "<group>"; };
		CBC6ED9D29F88459000D509F /* LoginInspector.swift */ = {isa = PBXFileReference; lastKnownFileType = sourcecode.swift; path = LoginInspector.swift; sourceTree = "<group>"; };
		CBC6EDA129F9D770000D509F /* LoginFactory.swift */ = {isa = PBXFileReference; lastKnownFileType = sourcecode.swift; path = LoginFactory.swift; sourceTree = "<group>"; };
		CBC90FA52A1A79D500545FC3 /* PhotosViewModel.swift */ = {isa = PBXFileReference; lastKnownFileType = sourcecode.swift; path = PhotosViewModel.swift; sourceTree = "<group>"; };
		CBCABD002A0CC6C30084FDE3 /* Coordinatable.swift */ = {isa = PBXFileReference; lastKnownFileType = sourcecode.swift; path = Coordinatable.swift; sourceTree = "<group>"; };
		CBCABD022A0CD0A90084FDE3 /* AppCoordinator.swift */ = {isa = PBXFileReference; lastKnownFileType = sourcecode.swift; path = AppCoordinator.swift; sourceTree = "<group>"; };
		CBCABD0A2A0E92650084FDE3 /* ProfileViewController+TableView.swift */ = {isa = PBXFileReference; lastKnownFileType = sourcecode.swift; path = "ProfileViewController+TableView.swift"; sourceTree = "<group>"; };
		CBCABD0C2A0E97D90084FDE3 /* ProfileViewModel.swift */ = {isa = PBXFileReference; lastKnownFileType = sourcecode.swift; path = ProfileViewModel.swift; sourceTree = "<group>"; };
		CBF621E829A8CE6400119FA8 /* Reusable.swift */ = {isa = PBXFileReference; lastKnownFileType = sourcecode.swift; path = Reusable.swift; sourceTree = "<group>"; };
		CBFC5E862A72CE3A00D37566 /* CDPostItem.xcdatamodel */ = {isa = PBXFileReference; lastKnownFileType = wrapper.xcdatamodel; path = CDPostItem.xcdatamodel; sourceTree = "<group>"; };
		CBFC5E882A72CFC300D37566 /* CDPostItem+CoreDataClass.swift */ = {isa = PBXFileReference; lastKnownFileType = sourcecode.swift; path = "CDPostItem+CoreDataClass.swift"; sourceTree = "<group>"; };
		CBFC5E892A72CFC300D37566 /* CDPostItem+CoreDataProperties.swift */ = {isa = PBXFileReference; lastKnownFileType = sourcecode.swift; path = "CDPostItem+CoreDataProperties.swift"; sourceTree = "<group>"; };
		CBFC5E8C2A72D12100D37566 /* CoreDataStorageService.swift */ = {isa = PBXFileReference; lastKnownFileType = sourcecode.swift; path = CoreDataStorageService.swift; sourceTree = "<group>"; };
/* End PBXFileReference section */

/* Begin PBXFrameworksBuildPhase section */
		CB7AF3022959AE5E005C51F3 /* Frameworks */ = {
			isa = PBXFrameworksBuildPhase;
			buildActionMask = 2147483647;
			files = (
				CBA9547A29E30E2F004E45EB /* SnapKit in Frameworks */,
				CB94F0FE2A700C830048525D /* FirebaseAnalyticsWithoutAdIdSupport in Frameworks */,
				CBF33F4A29FD9CA1009FC759 /* iOSIntPackage in Frameworks */,
				CB94F0F82A700C830048525D /* FirebaseAnalytics in Frameworks */,
				CB94F1042A700C830048525D /* FirebaseAuth in Frameworks */,
				CB94F1002A700C830048525D /* FirebaseAppCheck in Frameworks */,
				CB94F0FA2A700C830048525D /* FirebaseAnalyticsOnDeviceConversion in Frameworks */,
				CB94F0FC2A700C830048525D /* FirebaseAnalyticsSwift in Frameworks */,
				CB94F1022A700C830048525D /* FirebaseAppDistribution-Beta in Frameworks */,
			);
			runOnlyForDeploymentPostprocessing = 0;
		};
/* End PBXFrameworksBuildPhase section */

/* Begin PBXGroup section */
		CB1F562C2A27A1F1004FE83A /* Services */ = {
			isa = PBXGroup;
			children = (
				CBFC5E802A72CD3700D37566 /* LoginService */,
				CBFC5E7B2A72C4F400D37566 /* CoreDataManager */,
				CBCABD062A0E845B0084FDE3 /* Network */,
			);
			path = Services;
			sourceTree = "<group>";
		};
		CB6AF3462966E32C008400F2 /* Models */ = {
			isa = PBXGroup;
			children = (
				CB6AF3442966E320008400F2 /* Post.swift */,
				CB08A49929A4FAAF00AF49D7 /* Photo.swift */,
				CB8E2BEA2A13B9F700F0E708 /* FeedModel.swift */,
			);
			path = Models;
			sourceTree = "<group>";
		};
		CB6AF3472966E34E008400F2 /* Controllers */ = {
			isa = PBXGroup;
			children = (
				CBC6ED9929F873A1000D509F /* FeedControllers */,
				CBC6ED9A29F873BD000D509F /* ProfileControllers */,
				CB94F1052A7016490048525D /* FavouriteControllers */,
			);
			path = Controllers;
			sourceTree = "<group>";
		};
		CB7AF2FC2959AE5D005C51F3 = {
			isa = PBXGroup;
			children = (
				CB7AF3072959AE5E005C51F3 /* Navigation */,
				CB7AF3062959AE5E005C51F3 /* Products */,
			);
			sourceTree = "<group>";
		};
		CB7AF3062959AE5E005C51F3 /* Products */ = {
			isa = PBXGroup;
			children = (
				CB7AF3052959AE5E005C51F3 /* Navigation.app */,
			);
			name = Products;
			sourceTree = "<group>";
		};
		CB7AF3072959AE5E005C51F3 /* Navigation */ = {
			isa = PBXGroup;
			children = (
				CBC6ED9329F86E52000D509F /* Application */,
				CB8E2B9F2A11339900F0E708 /* Coordinators */,
				CB1F562C2A27A1F1004FE83A /* Services */,
				CBC6ED9429F86EEE000D509F /* Extensions */,
				CBCABD082A0E852D0084FDE3 /* ViewModel */,
				CB6AF3472966E34E008400F2 /* Controllers */,
				CBC6ED9529F87196000D509F /* Views */,
				CB6AF3462966E32C008400F2 /* Models */,
				CBCABD072A0E84B70084FDE3 /* Resources */,
				CBFC5E852A72CE3A00D37566 /* YourModelName.xcdatamodeld */,
				CB7AF3162959AE5E005C51F3 /* Info.plist */,
				CBB238362A70037200095E77 /* GoogleService-Info.plist */,
			);
			path = Navigation;
			sourceTree = "<group>";
		};
		CB8E2B9F2A11339900F0E708 /* Coordinators */ = {
			isa = PBXGroup;
			children = (
				CBCABD002A0CC6C30084FDE3 /* Coordinatable.swift */,
				CBCABD022A0CD0A90084FDE3 /* AppCoordinator.swift */,
				CB1EA5BE2A162C3300C0053D /* FeedCoordinator.swift */,
				CB1EA5C02A162C6D00C0053D /* ProfileCoordinator.swift */,
				CB01E4572A6EFCCC007A285F /* FavouriteCoordinator.swift */,
			);
			path = Coordinators;
			sourceTree = "<group>";
		};
		CB94F1052A7016490048525D /* FavouriteControllers */ = {
			isa = PBXGroup;
			children = (
				CB01E4592A6FC408007A285F /* FavouriteViewController.swift */,
			);
			path = FavouriteControllers;
			sourceTree = "<group>";
		};
		CBC6ED9329F86E52000D509F /* Application */ = {
			isa = PBXGroup;
			children = (
				CB7AF3082959AE5E005C51F3 /* AppDelegate.swift */,
				CB7AF30A2959AE5E005C51F3 /* SceneDelegate.swift */,
			);
			path = Application;
			sourceTree = "<group>";
		};
		CBC6ED9429F86EEE000D509F /* Extensions */ = {
			isa = PBXGroup;
			children = (
				CB47081F29B0BE8200F416F2 /* ProfileTableHeaderViewDelegate.swift */,
				CBF621E829A8CE6400119FA8 /* Reusable.swift */,
				CB08A49329A0C6BA00AF49D7 /* UITableView+Extension.swift */,
				CB5075B92A41D6C4007338D3 /* KeyboardManager.swift */,
				CB8037792A44491400BD2395 /* ShowAlert.swift */,
				CB134C2B2A60195D00E7DF62 /* Alert.swift */,
				CB134C2D2A6019BB00E7DF62 /* String+Extension.swift */,
			);
			path = Extensions;
			sourceTree = "<group>";
		};
		CBC6ED9529F87196000D509F /* Views */ = {
			isa = PBXGroup;
			children = (
				CBC6ED9729F8722A000D509F /* Components */,
			);
			path = Views;
			sourceTree = "<group>";
		};
		CBC6ED9629F871BA000D509F /* Cells */ = {
			isa = PBXGroup;
			children = (
				CB08A491299F7A3200AF49D7 /* PostsTableCell.swift */,
				CB08A49529A4B3AA00AF49D7 /* PhotosTableCell.swift */,
				CB08A49D29A67E6F00AF49D7 /* PhotosCollectionCell.swift */,
			);
			path = Cells;
			sourceTree = "<group>";
		};
		CBC6ED9729F8722A000D509F /* Components */ = {
			isa = PBXGroup;
			children = (
				CBB4E7422A06C30400D42679 /* CircularLabel.swift */,
				CB71F6202997883D00DA584D /* CustomButton.swift */,
				CB5075BB2A41D90A007338D3 /* CustomTextField.swift */,
			);
			path = Components;
			sourceTree = "<group>";
		};
		CBC6ED9929F873A1000D509F /* FeedControllers */ = {
			isa = PBXGroup;
			children = (
				CB7AF30C2959AE5E005C51F3 /* FeedViewController.swift */,
				CB6AF31F2965D98C008400F2 /* PostViewController.swift */,
				CB6AF348296763C7008400F2 /* InfoViewController.swift */,
				CB83B7762A37D04800D0086D /* InfoViewController+TableView.swift */,
			);
			path = FeedControllers;
			sourceTree = "<group>";
		};
		CBC6ED9A29F873BD000D509F /* ProfileControllers */ = {
			isa = PBXGroup;
			children = (
				CB71F61C298E7CA200DA584D /* LoginViewController.swift */,
				CB5075BD2A41EACB007338D3 /* SignUpViewController.swift */,
				CB6AF31D2965B6BF008400F2 /* ProfileViewController.swift */,
				CBCABD0A2A0E92650084FDE3 /* ProfileViewController+TableView.swift */,
				CB23E9102975996A0081B615 /* ProfileTableHeaderView.swift */,
				CB08A49729A4B58C00AF49D7 /* PhotosViewController.swift */,
				CBC6ED9629F871BA000D509F /* Cells */,
			);
			path = ProfileControllers;
			sourceTree = "<group>";
		};
		CBCABD062A0E845B0084FDE3 /* Network */ = {
			isa = PBXGroup;
			children = (
				CBA858A829E9966800AC37B2 /* NetworkService.swift */,
				CB83B76E2A337AD100D0086D /* JsonData.swift */,
				CB83B7702A337B1A00D0086D /* Planet.swift */,
			);
			path = Network;
			sourceTree = "<group>";
		};
		CBCABD072A0E84B70084FDE3 /* Resources */ = {
			isa = PBXGroup;
			children = (
				CB7AF3112959AE5E005C51F3 /* Assets.xcassets */,
			);
			path = Resources;
			sourceTree = "<group>";
		};
		CBCABD082A0E852D0084FDE3 /* ViewModel */ = {
			isa = PBXGroup;
			children = (
				CB8E2BE82A13AD8600F0E708 /* FeedViewModel.swift */,
				CBCABD0C2A0E97D90084FDE3 /* ProfileViewModel.swift */,
				CBC90FA52A1A79D500545FC3 /* PhotosViewModel.swift */,
			);
			path = ViewModel;
			sourceTree = "<group>";
		};
		CBFC5E7B2A72C4F400D37566 /* CoreDataManager */ = {
			isa = PBXGroup;
			children = (
				CBFC5E882A72CFC300D37566 /* CDPostItem+CoreDataClass.swift */,
				CBFC5E892A72CFC300D37566 /* CDPostItem+CoreDataProperties.swift */,
				CBFC5E8C2A72D12100D37566 /* CoreDataStorageService.swift */,
			);
			path = CoreDataManager;
			sourceTree = "<group>";
		};
		CBFC5E802A72CD3700D37566 /* LoginService */ = {
			isa = PBXGroup;
			children = (
				CBC6EDA129F9D770000D509F /* LoginFactory.swift */,
				CBC6ED9D29F88459000D509F /* LoginInspector.swift */,
				CB8037772A44485A00BD2395 /* CheckerService.swift */,
				CB0A7C8C29E49A7A002EA335 /* UserService.swift */,
				CB1F562D2A27A3D9004FE83A /* PasswordCrack.swift */,
			);
			path = LoginService;
			sourceTree = "<group>";
		};
/* End PBXGroup section */

/* Begin PBXNativeTarget section */
		CB7AF3042959AE5E005C51F3 /* Navigation */ = {
			isa = PBXNativeTarget;
			buildConfigurationList = CB7AF3192959AE5E005C51F3 /* Build configuration list for PBXNativeTarget "Navigation" */;
			buildPhases = (
				CB7AF3012959AE5E005C51F3 /* Sources */,
				CB7AF3022959AE5E005C51F3 /* Frameworks */,
				CB7AF3032959AE5E005C51F3 /* Resources */,
				CB8138F929D84D1A001FDD7D /* Embed Frameworks */,
			);
			buildRules = (
			);
			dependencies = (
			);
			name = Navigation;
			packageProductDependencies = (
				CBA9547929E30E2F004E45EB /* SnapKit */,
				CBF33F4929FD9CA1009FC759 /* iOSIntPackage */,
				CB94F0F72A700C830048525D /* FirebaseAnalytics */,
				CB94F0F92A700C830048525D /* FirebaseAnalyticsOnDeviceConversion */,
				CB94F0FB2A700C830048525D /* FirebaseAnalyticsSwift */,
				CB94F0FD2A700C830048525D /* FirebaseAnalyticsWithoutAdIdSupport */,
				CB94F0FF2A700C830048525D /* FirebaseAppCheck */,
				CB94F1012A700C830048525D /* FirebaseAppDistribution-Beta */,
				CB94F1032A700C830048525D /* FirebaseAuth */,
			);
			productName = Navigation;
			productReference = CB7AF3052959AE5E005C51F3 /* Navigation.app */;
			productType = "com.apple.product-type.application";
		};
/* End PBXNativeTarget section */

/* Begin PBXProject section */
		CB7AF2FD2959AE5D005C51F3 /* Project object */ = {
			isa = PBXProject;
			attributes = {
				BuildIndependentTargetsInParallel = 1;
				LastSwiftUpdateCheck = 1420;
				LastUpgradeCheck = 1500;
				TargetAttributes = {
					CB7AF3042959AE5E005C51F3 = {
						CreatedOnToolsVersion = 14.2;
					};
				};
			};
			buildConfigurationList = CB7AF3002959AE5D005C51F3 /* Build configuration list for PBXProject "Navigation" */;
			compatibilityVersion = "Xcode 13.0";
			developmentRegion = en;
			hasScannedForEncodings = 0;
			knownRegions = (
				en,
				Base,
			);
			mainGroup = CB7AF2FC2959AE5D005C51F3;
			packageReferences = (
				CBA9547829E30E2F004E45EB /* XCRemoteSwiftPackageReference "SnapKit" */,
				CBF33F4829FD9CA1009FC759 /* XCRemoteSwiftPackageReference "iOSIntPackage" */,
				CB94F0F62A700C830048525D /* XCRemoteSwiftPackageReference "firebase-ios-sdk" */,
			);
			productRefGroup = CB7AF3062959AE5E005C51F3 /* Products */;
			projectDirPath = "";
			projectRoot = "";
			targets = (
				CB7AF3042959AE5E005C51F3 /* Navigation */,
			);
		};
/* End PBXProject section */

/* Begin PBXResourcesBuildPhase section */
		CB7AF3032959AE5E005C51F3 /* Resources */ = {
			isa = PBXResourcesBuildPhase;
			buildActionMask = 2147483647;
			files = (
				CB7AF3122959AE5E005C51F3 /* Assets.xcassets in Resources */,
				CBB238372A70037200095E77 /* GoogleService-Info.plist in Resources */,
			);
			runOnlyForDeploymentPostprocessing = 0;
		};
/* End PBXResourcesBuildPhase section */

/* Begin PBXSourcesBuildPhase section */
		CB7AF3012959AE5E005C51F3 /* Sources */ = {
			isa = PBXSourcesBuildPhase;
			buildActionMask = 2147483647;
			files = (
				CB7AF30D2959AE5E005C51F3 /* FeedViewController.swift in Sources */,
				CB23E9112975996A0081B615 /* ProfileTableHeaderView.swift in Sources */,
				CB1EA5BF2A162C3300C0053D /* FeedCoordinator.swift in Sources */,
				CB01E4582A6EFCCC007A285F /* FavouriteCoordinator.swift in Sources */,
				CBCABD0D2A0E97D90084FDE3 /* ProfileViewModel.swift in Sources */,
				CB71F61D298E7CA200DA584D /* LoginViewController.swift in Sources */,
				CB08A492299F7A3200AF49D7 /* PostsTableCell.swift in Sources */,
				CB134C2C2A60195D00E7DF62 /* Alert.swift in Sources */,
				CBA858A929E9966800AC37B2 /* NetworkService.swift in Sources */,
				CB08A49E29A67E6F00AF49D7 /* PhotosCollectionCell.swift in Sources */,
				CB1F562E2A27A3D9004FE83A /* PasswordCrack.swift in Sources */,
				CB1EA5C12A162C6D00C0053D /* ProfileCoordinator.swift in Sources */,
				CB8E2BEB2A13B9F700F0E708 /* FeedModel.swift in Sources */,
				CB01E45A2A6FC408007A285F /* FavouriteViewController.swift in Sources */,
				CBA56D662A000E5D00947FBF /* UserService.swift in Sources */,
				CBC6EDA029F95995000D509F /* LoginInspector.swift in Sources */,
				CB7AF3092959AE5E005C51F3 /* AppDelegate.swift in Sources */,
				CBFC5E8A2A72CFC300D37566 /* CDPostItem+CoreDataClass.swift in Sources */,
				CB6AF31E2965B6BF008400F2 /* ProfileViewController.swift in Sources */,
				CBB4E7432A06C30400D42679 /* CircularLabel.swift in Sources */,
				CB6AF349296763C7008400F2 /* InfoViewController.swift in Sources */,
				CB83B7712A337B1A00D0086D /* Planet.swift in Sources */,
				CB83B76F2A337AD100D0086D /* JsonData.swift in Sources */,
				CB71F6212997883D00DA584D /* CustomButton.swift in Sources */,
				CB5075BA2A41D6C4007338D3 /* KeyboardManager.swift in Sources */,
				CB08A49A29A4FAAF00AF49D7 /* Photo.swift in Sources */,
				CBCABD032A0CD0A90084FDE3 /* AppCoordinator.swift in Sources */,
				CBFC5E872A72CE3A00D37566 /* YourModelName.xcdatamodeld in Sources */,
				CBF33F4729FBF788009FC759 /* Post.swift in Sources */,
				CBFC5E8B2A72CFC300D37566 /* CDPostItem+CoreDataProperties.swift in Sources */,
				CB5075BE2A41EACB007338D3 /* SignUpViewController.swift in Sources */,
				CB8037782A44485A00BD2395 /* CheckerService.swift in Sources */,
				CBFC5E8D2A72D12100D37566 /* CoreDataStorageService.swift in Sources */,
				CB5075BC2A41D90A007338D3 /* CustomTextField.swift in Sources */,
				CB08A49629A4B3AA00AF49D7 /* PhotosTableCell.swift in Sources */,
				CBF621E929A8CE6400119FA8 /* Reusable.swift in Sources */,
				CB8E2BE92A13AD8600F0E708 /* FeedViewModel.swift in Sources */,
				CBC6EDA229F9D770000D509F /* LoginFactory.swift in Sources */,
				CB80377A2A44491400BD2395 /* ShowAlert.swift in Sources */,
				CB7AF30B2959AE5E005C51F3 /* SceneDelegate.swift in Sources */,
				CBC90FA62A1A79D500545FC3 /* PhotosViewModel.swift in Sources */,
				CB08A49829A4B58C00AF49D7 /* PhotosViewController.swift in Sources */,
				CB83B7772A37D04800D0086D /* InfoViewController+TableView.swift in Sources */,
				CB6AF3202965D98C008400F2 /* PostViewController.swift in Sources */,
				CBCABD012A0CC6C30084FDE3 /* Coordinatable.swift in Sources */,
				CB08A49429A0C6BA00AF49D7 /* UITableView+Extension.swift in Sources */,
				CBCABD0B2A0E92650084FDE3 /* ProfileViewController+TableView.swift in Sources */,
				CB47082029B0BE8200F416F2 /* ProfileTableHeaderViewDelegate.swift in Sources */,
				CB134C2E2A6019BB00E7DF62 /* String+Extension.swift in Sources */,
			);
			runOnlyForDeploymentPostprocessing = 0;
		};
/* End PBXSourcesBuildPhase section */

/* Begin XCBuildConfiguration section */
		CB7AF3172959AE5E005C51F3 /* Debug */ = {
			isa = XCBuildConfiguration;
			buildSettings = {
				ALWAYS_SEARCH_USER_PATHS = NO;
				CLANG_ANALYZER_NONNULL = YES;
				CLANG_ANALYZER_NUMBER_OBJECT_CONVERSION = YES_AGGRESSIVE;
				CLANG_CXX_LANGUAGE_STANDARD = "gnu++20";
				CLANG_ENABLE_MODULES = YES;
				CLANG_ENABLE_OBJC_ARC = YES;
				CLANG_ENABLE_OBJC_WEAK = YES;
				CLANG_WARN_BLOCK_CAPTURE_AUTORELEASING = YES;
				CLANG_WARN_BOOL_CONVERSION = YES;
				CLANG_WARN_COMMA = YES;
				CLANG_WARN_CONSTANT_CONVERSION = YES;
				CLANG_WARN_DEPRECATED_OBJC_IMPLEMENTATIONS = YES;
				CLANG_WARN_DIRECT_OBJC_ISA_USAGE = YES_ERROR;
				CLANG_WARN_DOCUMENTATION_COMMENTS = YES;
				CLANG_WARN_EMPTY_BODY = YES;
				CLANG_WARN_ENUM_CONVERSION = YES;
				CLANG_WARN_INFINITE_RECURSION = YES;
				CLANG_WARN_INT_CONVERSION = YES;
				CLANG_WARN_NON_LITERAL_NULL_CONVERSION = YES;
				CLANG_WARN_OBJC_IMPLICIT_RETAIN_SELF = YES;
				CLANG_WARN_OBJC_LITERAL_CONVERSION = YES;
				CLANG_WARN_OBJC_ROOT_CLASS = YES_ERROR;
				CLANG_WARN_QUOTED_INCLUDE_IN_FRAMEWORK_HEADER = YES;
				CLANG_WARN_RANGE_LOOP_ANALYSIS = YES;
				CLANG_WARN_STRICT_PROTOTYPES = YES;
				CLANG_WARN_SUSPICIOUS_MOVE = YES;
				CLANG_WARN_UNGUARDED_AVAILABILITY = YES_AGGRESSIVE;
				CLANG_WARN_UNREACHABLE_CODE = YES;
				CLANG_WARN__DUPLICATE_METHOD_MATCH = YES;
				COPY_PHASE_STRIP = NO;
				DEBUG_INFORMATION_FORMAT = dwarf;
				ENABLE_STRICT_OBJC_MSGSEND = YES;
				ENABLE_TESTABILITY = YES;
				ENABLE_USER_SCRIPT_SANDBOXING = YES;
				GCC_C_LANGUAGE_STANDARD = gnu11;
				GCC_DYNAMIC_NO_PIC = NO;
				GCC_NO_COMMON_BLOCKS = YES;
				GCC_OPTIMIZATION_LEVEL = 0;
				GCC_PREPROCESSOR_DEFINITIONS = (
					"DEBUG=1",
					"$(inherited)",
				);
				GCC_WARN_64_TO_32_BIT_CONVERSION = YES;
				GCC_WARN_ABOUT_RETURN_TYPE = YES_ERROR;
				GCC_WARN_UNDECLARED_SELECTOR = YES;
				GCC_WARN_UNINITIALIZED_AUTOS = YES_AGGRESSIVE;
				GCC_WARN_UNUSED_FUNCTION = YES;
				GCC_WARN_UNUSED_VARIABLE = YES;
				IPHONEOS_DEPLOYMENT_TARGET = 16.2;
				MTL_ENABLE_DEBUG_INFO = INCLUDE_SOURCE;
				MTL_FAST_MATH = YES;
				ONLY_ACTIVE_ARCH = YES;
				SDKROOT = iphoneos;
				SWIFT_ACTIVE_COMPILATION_CONDITIONS = DEBUG;
				SWIFT_OPTIMIZATION_LEVEL = "-Onone";
			};
			name = Debug;
		};
		CB7AF3182959AE5E005C51F3 /* Release */ = {
			isa = XCBuildConfiguration;
			buildSettings = {
				ALWAYS_SEARCH_USER_PATHS = NO;
				CLANG_ANALYZER_NONNULL = YES;
				CLANG_ANALYZER_NUMBER_OBJECT_CONVERSION = YES_AGGRESSIVE;
				CLANG_CXX_LANGUAGE_STANDARD = "gnu++20";
				CLANG_ENABLE_MODULES = YES;
				CLANG_ENABLE_OBJC_ARC = YES;
				CLANG_ENABLE_OBJC_WEAK = YES;
				CLANG_WARN_BLOCK_CAPTURE_AUTORELEASING = YES;
				CLANG_WARN_BOOL_CONVERSION = YES;
				CLANG_WARN_COMMA = YES;
				CLANG_WARN_CONSTANT_CONVERSION = YES;
				CLANG_WARN_DEPRECATED_OBJC_IMPLEMENTATIONS = YES;
				CLANG_WARN_DIRECT_OBJC_ISA_USAGE = YES_ERROR;
				CLANG_WARN_DOCUMENTATION_COMMENTS = YES;
				CLANG_WARN_EMPTY_BODY = YES;
				CLANG_WARN_ENUM_CONVERSION = YES;
				CLANG_WARN_INFINITE_RECURSION = YES;
				CLANG_WARN_INT_CONVERSION = YES;
				CLANG_WARN_NON_LITERAL_NULL_CONVERSION = YES;
				CLANG_WARN_OBJC_IMPLICIT_RETAIN_SELF = YES;
				CLANG_WARN_OBJC_LITERAL_CONVERSION = YES;
				CLANG_WARN_OBJC_ROOT_CLASS = YES_ERROR;
				CLANG_WARN_QUOTED_INCLUDE_IN_FRAMEWORK_HEADER = YES;
				CLANG_WARN_RANGE_LOOP_ANALYSIS = YES;
				CLANG_WARN_STRICT_PROTOTYPES = YES;
				CLANG_WARN_SUSPICIOUS_MOVE = YES;
				CLANG_WARN_UNGUARDED_AVAILABILITY = YES_AGGRESSIVE;
				CLANG_WARN_UNREACHABLE_CODE = YES;
				CLANG_WARN__DUPLICATE_METHOD_MATCH = YES;
				COPY_PHASE_STRIP = NO;
				DEBUG_INFORMATION_FORMAT = "dwarf-with-dsym";
				ENABLE_NS_ASSERTIONS = NO;
				ENABLE_STRICT_OBJC_MSGSEND = YES;
				ENABLE_USER_SCRIPT_SANDBOXING = YES;
				GCC_C_LANGUAGE_STANDARD = gnu11;
				GCC_NO_COMMON_BLOCKS = YES;
				GCC_WARN_64_TO_32_BIT_CONVERSION = YES;
				GCC_WARN_ABOUT_RETURN_TYPE = YES_ERROR;
				GCC_WARN_UNDECLARED_SELECTOR = YES;
				GCC_WARN_UNINITIALIZED_AUTOS = YES_AGGRESSIVE;
				GCC_WARN_UNUSED_FUNCTION = YES;
				GCC_WARN_UNUSED_VARIABLE = YES;
				IPHONEOS_DEPLOYMENT_TARGET = 16.2;
				MTL_ENABLE_DEBUG_INFO = NO;
				MTL_FAST_MATH = YES;
				SDKROOT = iphoneos;
				SWIFT_COMPILATION_MODE = wholemodule;
				SWIFT_OPTIMIZATION_LEVEL = "-O";
				VALIDATE_PRODUCT = YES;
			};
			name = Release;
		};
		CB7AF31A2959AE5E005C51F3 /* Debug */ = {
			isa = XCBuildConfiguration;
			buildSettings = {
				ALWAYS_EMBED_SWIFT_STANDARD_LIBRARIES = YES;
				ASSETCATALOG_COMPILER_APPICON_NAME = AppIcon;
				ASSETCATALOG_COMPILER_GLOBAL_ACCENT_COLOR_NAME = AccentColor;
				CODE_SIGN_STYLE = Automatic;
				CURRENT_PROJECT_VERSION = 1;
				DEVELOPMENT_TEAM = 5JY83H55A5;
				GENERATE_INFOPLIST_FILE = YES;
				INFOPLIST_FILE = Navigation/Info.plist;
				INFOPLIST_KEY_UIApplicationSupportsIndirectInputEvents = YES;
				INFOPLIST_KEY_UILaunchStoryboardName = LaunchScreen;
				INFOPLIST_KEY_UISupportedInterfaceOrientations = UIInterfaceOrientationPortrait;
				IPHONEOS_DEPLOYMENT_TARGET = 14.0;
				LD_RUNPATH_SEARCH_PATHS = (
					"$(inherited)",
					"@executable_path/Frameworks",
				);
				MARKETING_VERSION = 1.0;
				OTHER_LDFLAGS = "-ld64";
				PRODUCT_BUNDLE_IDENTIFIER = ru.apbrandom.Navigation;
				PRODUCT_NAME = "$(TARGET_NAME)";
				SUPPORTED_PLATFORMS = "iphoneos iphonesimulator";
				SUPPORTS_MACCATALYST = NO;
				SUPPORTS_MAC_DESIGNED_FOR_IPHONE_IPAD = NO;
				SUPPORTS_XR_DESIGNED_FOR_IPHONE_IPAD = NO;
				SWIFT_EMIT_LOC_STRINGS = YES;
				SWIFT_VERSION = 5.0;
				TARGETED_DEVICE_FAMILY = "1,2";
			};
			name = Debug;
		};
		CB7AF31B2959AE5E005C51F3 /* Release */ = {
			isa = XCBuildConfiguration;
			buildSettings = {
				ALWAYS_EMBED_SWIFT_STANDARD_LIBRARIES = YES;
				ASSETCATALOG_COMPILER_APPICON_NAME = AppIcon;
				ASSETCATALOG_COMPILER_GLOBAL_ACCENT_COLOR_NAME = AccentColor;
				CODE_SIGN_STYLE = Automatic;
				CURRENT_PROJECT_VERSION = 1;
				DEVELOPMENT_TEAM = 5JY83H55A5;
				GENERATE_INFOPLIST_FILE = YES;
				INFOPLIST_FILE = Navigation/Info.plist;
				INFOPLIST_KEY_UIApplicationSupportsIndirectInputEvents = YES;
				INFOPLIST_KEY_UILaunchStoryboardName = LaunchScreen;
				INFOPLIST_KEY_UISupportedInterfaceOrientations = UIInterfaceOrientationPortrait;
				IPHONEOS_DEPLOYMENT_TARGET = 14.0;
				LD_RUNPATH_SEARCH_PATHS = (
					"$(inherited)",
					"@executable_path/Frameworks",
				);
				MARKETING_VERSION = 1.0;
				OTHER_LDFLAGS = "-ld64";
				PRODUCT_BUNDLE_IDENTIFIER = ru.apbrandom.Navigation;
				PRODUCT_NAME = "$(TARGET_NAME)";
				SUPPORTED_PLATFORMS = "iphoneos iphonesimulator";
				SUPPORTS_MACCATALYST = NO;
				SUPPORTS_MAC_DESIGNED_FOR_IPHONE_IPAD = NO;
				SUPPORTS_XR_DESIGNED_FOR_IPHONE_IPAD = NO;
				SWIFT_EMIT_LOC_STRINGS = YES;
				SWIFT_VERSION = 5.0;
				TARGETED_DEVICE_FAMILY = "1,2";
			};
			name = Release;
		};
/* End XCBuildConfiguration section */

/* Begin XCConfigurationList section */
		CB7AF3002959AE5D005C51F3 /* Build configuration list for PBXProject "Navigation" */ = {
			isa = XCConfigurationList;
			buildConfigurations = (
				CB7AF3172959AE5E005C51F3 /* Debug */,
				CB7AF3182959AE5E005C51F3 /* Release */,
			);
			defaultConfigurationIsVisible = 0;
			defaultConfigurationName = Release;
		};
		CB7AF3192959AE5E005C51F3 /* Build configuration list for PBXNativeTarget "Navigation" */ = {
			isa = XCConfigurationList;
			buildConfigurations = (
				CB7AF31A2959AE5E005C51F3 /* Debug */,
				CB7AF31B2959AE5E005C51F3 /* Release */,
			);
			defaultConfigurationIsVisible = 0;
			defaultConfigurationName = Release;
		};
/* End XCConfigurationList section */

/* Begin XCRemoteSwiftPackageReference section */
		CB94F0F62A700C830048525D /* XCRemoteSwiftPackageReference "firebase-ios-sdk" */ = {
			isa = XCRemoteSwiftPackageReference;
			repositoryURL = "https://github.com/firebase/firebase-ios-sdk";
			requirement = {
				kind = upToNextMajorVersion;
				minimumVersion = 10.12.0;
			};
		};
		CBA9547829E30E2F004E45EB /* XCRemoteSwiftPackageReference "SnapKit" */ = {
			isa = XCRemoteSwiftPackageReference;
			repositoryURL = "https://github.com/SnapKit/SnapKit.git";
			requirement = {
				kind = upToNextMajorVersion;
				minimumVersion = 5.0.0;
			};
		};
		CBF33F4829FD9CA1009FC759 /* XCRemoteSwiftPackageReference "iOSIntPackage" */ = {
			isa = XCRemoteSwiftPackageReference;
			repositoryURL = "https://github.com/TrueMax/iOSIntPackage";
			requirement = {
				branch = imagepublisher;
				kind = branch;
			};
		};
/* End XCRemoteSwiftPackageReference section */

/* Begin XCSwiftPackageProductDependency section */
		CB94F0F72A700C830048525D /* FirebaseAnalytics */ = {
			isa = XCSwiftPackageProductDependency;
			package = CB94F0F62A700C830048525D /* XCRemoteSwiftPackageReference "firebase-ios-sdk" */;
			productName = FirebaseAnalytics;
		};
		CB94F0F92A700C830048525D /* FirebaseAnalyticsOnDeviceConversion */ = {
			isa = XCSwiftPackageProductDependency;
			package = CB94F0F62A700C830048525D /* XCRemoteSwiftPackageReference "firebase-ios-sdk" */;
			productName = FirebaseAnalyticsOnDeviceConversion;
		};
		CB94F0FB2A700C830048525D /* FirebaseAnalyticsSwift */ = {
			isa = XCSwiftPackageProductDependency;
			package = CB94F0F62A700C830048525D /* XCRemoteSwiftPackageReference "firebase-ios-sdk" */;
			productName = FirebaseAnalyticsSwift;
		};
		CB94F0FD2A700C830048525D /* FirebaseAnalyticsWithoutAdIdSupport */ = {
			isa = XCSwiftPackageProductDependency;
			package = CB94F0F62A700C830048525D /* XCRemoteSwiftPackageReference "firebase-ios-sdk" */;
			productName = FirebaseAnalyticsWithoutAdIdSupport;
		};
		CB94F0FF2A700C830048525D /* FirebaseAppCheck */ = {
			isa = XCSwiftPackageProductDependency;
			package = CB94F0F62A700C830048525D /* XCRemoteSwiftPackageReference "firebase-ios-sdk" */;
			productName = FirebaseAppCheck;
		};
		CB94F1012A700C830048525D /* FirebaseAppDistribution-Beta */ = {
			isa = XCSwiftPackageProductDependency;
			package = CB94F0F62A700C830048525D /* XCRemoteSwiftPackageReference "firebase-ios-sdk" */;
			productName = "FirebaseAppDistribution-Beta";
		};
		CB94F1032A700C830048525D /* FirebaseAuth */ = {
			isa = XCSwiftPackageProductDependency;
			package = CB94F0F62A700C830048525D /* XCRemoteSwiftPackageReference "firebase-ios-sdk" */;
			productName = FirebaseAuth;
		};
		CBA9547929E30E2F004E45EB /* SnapKit */ = {
			isa = XCSwiftPackageProductDependency;
			package = CBA9547829E30E2F004E45EB /* XCRemoteSwiftPackageReference "SnapKit" */;
			productName = SnapKit;
		};
		CBF33F4929FD9CA1009FC759 /* iOSIntPackage */ = {
			isa = XCSwiftPackageProductDependency;
			package = CBF33F4829FD9CA1009FC759 /* XCRemoteSwiftPackageReference "iOSIntPackage" */;
			productName = iOSIntPackage;
		};
/* End XCSwiftPackageProductDependency section */

/* Begin XCVersionGroup section */
		CBFC5E852A72CE3A00D37566 /* YourModelName.xcdatamodeld */ = {
			isa = XCVersionGroup;
			children = (
				CBFC5E862A72CE3A00D37566 /* CDPostItem.xcdatamodel */,
			);
			currentVersion = CBFC5E862A72CE3A00D37566 /* CDPostItem.xcdatamodel */;
			path = YourModelName.xcdatamodeld;
			sourceTree = "<group>";
			versionGroupType = wrapper.xcdatamodel;
		};
/* End XCVersionGroup section */
	};
	rootObject = CB7AF2FD2959AE5D005C51F3 /* Project object */;
}
